{
  "name": "detect-os-browser.js",
  "version": "1.0.0",
  "lockfileVersion": 1,
  "requires": true,
  "dependencies": {
    "@babel/code-frame": {
      "version": "7.0.0",
      "resolved": "http://r.cnpmjs.org/@babel/code-frame/download/@babel/code-frame-7.0.0.tgz",
      "integrity": "sha1-BuKrGb21NThVWaq7W6WXKUgoAPg=",
      "dev": true,
      "requires": {
        "@babel/highlight": "^7.0.0"
      }
    },
    "@babel/highlight": {
      "version": "7.0.0",
      "resolved": "http://r.cnpmjs.org/@babel/highlight/download/@babel/highlight-7.0.0.tgz",
      "integrity": "sha1-9xDDjI1Fjm3ZogGvtjf8t4HOmeQ=",
      "dev": true,
      "requires": {
        "chalk": "^2.0.0",
        "esutils": "^2.0.2",
        "js-tokens": "^4.0.0"
      }
    },
    "@types/estree": {
      "version": "0.0.39",
      "resolved": "http://r.cnpmjs.org/@types/estree/download/@types/estree-0.0.39.tgz",
      "integrity": "sha1-4Xfmme4bjCLSMXTKqnQiZEOJUJ8=",
      "dev": true
    },
    "@types/node": {
      "version": "11.12.2",
      "resolved": "http://r.cnpmjs.org/@types/node/download/@types/node-11.12.2.tgz",
      "integrity": "sha1-1/MC50sQ6YAdUoUhN/ZS2e4jXag=",
      "dev": true
    },
    "acorn": {
      "version": "6.1.1",
      "resolved": "http://r.cnpmjs.org/acorn/download/acorn-6.1.1.tgz",
      "integrity": "sha1-fSWuBbuK0fm2mRCOEJTs14hK3B8=",
      "dev": true
    },
    "ansi-styles": {
      "version": "3.2.1",
      "resolved": "http://r.cnpmjs.org/ansi-styles/download/ansi-styles-3.2.1.tgz",
      "integrity": "sha1-QfuyAkPlCxK+DwS43tvwdSDOhB0=",
      "dev": true,
      "requires": {
        "color-convert": "^1.9.0"
      }
    },
    "arr-diff": {
      "version": "4.0.0",
      "resolved": "http://r.cnpmjs.org/arr-diff/download/arr-diff-4.0.0.tgz",
      "integrity": "sha1-1kYQdP6/7HHn4VI1dhoyml3HxSA="
    },
    "arr-flatten": {
      "version": "1.1.0",
      "resolved": "http://r.cnpmjs.org/arr-flatten/download/arr-flatten-1.1.0.tgz",
      "integrity": "sha1-NgSLv/TntH4TZkQxbJlmnqWukfE="
    },
    "arr-union": {
      "version": "3.1.0",
      "resolved": "http://r.cnpmjs.org/arr-union/download/arr-union-3.1.0.tgz",
      "integrity": "sha1-45sJrqne+Gao8gbiiK9jkZuuOcQ="
    },
    "array-unique": {
      "version": "0.3.2",
      "resolved": "http://r.cnpmjs.org/array-unique/download/array-unique-0.3.2.tgz",
      "integrity": "sha1-qJS3XUvE9s1nnvMkSp/Y9Gri1Cg="
    },
    "assign-symbols": {
      "version": "1.0.0",
      "resolved": "http://r.cnpmjs.org/assign-symbols/download/assign-symbols-1.0.0.tgz",
      "integrity": "sha1-WWZ/QfrdTyDMvCu5a41Pf3jsA2c="
    },
    "atob": {
      "version": "2.1.2",
      "resolved": "http://r.cnpmjs.org/atob/download/atob-2.1.2.tgz",
      "integrity": "sha1-bZUX654DDSQ2ZmZR6GvZ9vE1M8k="
    },
    "base": {
      "version": "0.11.2",
      "resolved": "http://r.cnpmjs.org/base/download/base-0.11.2.tgz",
      "integrity": "sha1-e95c7RRbbVUakNuH+DxVi060io8=",
      "requires": {
        "cache-base": "^1.0.1",
        "class-utils": "^0.3.5",
        "component-emitter": "^1.2.1",
        "define-property": "^1.0.0",
        "isobject": "^3.0.1",
        "mixin-deep": "^1.2.0",
        "pascalcase": "^0.1.1"
      },
      "dependencies": {
        "define-property": {
          "version": "1.0.0",
          "resolved": "http://r.cnpmjs.org/define-property/download/define-property-1.0.0.tgz",
          "integrity": "sha1-dp66rz9KY6rTr56NMEybvnm/sOY=",
          "requires": {
            "is-descriptor": "^1.0.0"
          }
        },
        "is-accessor-descriptor": {
          "version": "1.0.0",
          "resolved": "http://r.cnpmjs.org/is-accessor-descriptor/download/is-accessor-descriptor-1.0.0.tgz",
          "integrity": "sha1-FpwvbT3x+ZJhgHI2XJsOofaHhlY=",
          "requires": {
            "kind-of": "^6.0.0"
          }
        },
        "is-data-descriptor": {
          "version": "1.0.0",
          "resolved": "http://r.cnpmjs.org/is-data-descriptor/download/is-data-descriptor-1.0.0.tgz",
          "integrity": "sha1-2Eh2Mh0Oet0DmQQGq7u9NrqSaMc=",
          "requires": {
            "kind-of": "^6.0.0"
          }
        },
        "is-descriptor": {
          "version": "1.0.2",
          "resolved": "http://r.cnpmjs.org/is-descriptor/download/is-descriptor-1.0.2.tgz",
          "integrity": "sha1-OxWXRqZmBLBPjIFSS6NlxfFNhuw=",
          "requires": {
            "is-accessor-descriptor": "^1.0.0",
            "is-data-descriptor": "^1.0.0",
            "kind-of": "^6.0.2"
          }
        }
      }
    },
    "braces": {
      "version": "2.3.2",
      "resolved": "http://r.cnpmjs.org/braces/download/braces-2.3.2.tgz",
      "integrity": "sha1-WXn9PxTNUxVl5fot8av/8d+u5yk=",
      "requires": {
        "arr-flatten": "^1.1.0",
        "array-unique": "^0.3.2",
        "extend-shallow": "^2.0.1",
        "fill-range": "^4.0.0",
        "isobject": "^3.0.1",
        "repeat-element": "^1.1.2",
        "snapdragon": "^0.8.1",
        "snapdragon-node": "^2.0.1",
        "split-string": "^3.0.2",
        "to-regex": "^3.0.1"
      },
      "dependencies": {
        "extend-shallow": {
          "version": "2.0.1",
          "resolved": "http://r.cnpmjs.org/extend-shallow/download/extend-shallow-2.0.1.tgz",
          "integrity": "sha1-Ua99YUrZqfYQ6huvu5idaxxWiQ8=",
          "requires": {
            "is-extendable": "^0.1.0"
          }
        }
      }
    },
    "cache-base": {
      "version": "1.0.1",
      "resolved": "http://r.cnpmjs.org/cache-base/download/cache-base-1.0.1.tgz",
      "integrity": "sha1-Cn9GQWgxyLZi7jb+TnxZ129marI=",
      "requires": {
        "collection-visit": "^1.0.0",
        "component-emitter": "^1.2.1",
        "get-value": "^2.0.6",
        "has-value": "^1.0.0",
        "isobject": "^3.0.1",
        "set-value": "^2.0.0",
        "to-object-path": "^0.3.0",
        "union-value": "^1.0.0",
        "unset-value": "^1.0.0"
      }
    },
    "chalk": {
      "version": "2.4.2",
      "resolved": "http://r.cnpmjs.org/chalk/download/chalk-2.4.2.tgz",
      "integrity": "sha1-zUJUFnelQzPPVBpJEIwUMrRMlCQ=",
      "dev": true,
      "requires": {
        "ansi-styles": "^3.2.1",
        "escape-string-regexp": "^1.0.5",
        "supports-color": "^5.3.0"
      }
    },
    "class-utils": {
      "version": "0.3.6",
      "resolved": "http://r.cnpmjs.org/class-utils/download/class-utils-0.3.6.tgz",
      "integrity": "sha1-+TNprouafOAv1B+q0MqDAzGQxGM=",
      "requires": {
        "arr-union": "^3.1.0",
        "define-property": "^0.2.5",
        "isobject": "^3.0.0",
        "static-extend": "^0.1.1"
      },
      "dependencies": {
        "define-property": {
          "version": "0.2.5",
          "resolved": "http://r.cnpmjs.org/define-property/download/define-property-0.2.5.tgz",
          "integrity": "sha1-w1se+RjsPJkPmlvFe+BKrOxcgRY=",
          "requires": {
            "is-descriptor": "^0.1.0"
          }
        }
      }
    },
    "collection-visit": {
      "version": "1.0.0",
      "resolved": "http://r.cnpmjs.org/collection-visit/download/collection-visit-1.0.0.tgz",
      "integrity": "sha1-S8A3PBZLwykbTTaMgpzxqApZ3KA=",
      "requires": {
        "map-visit": "^1.0.0",
        "object-visit": "^1.0.0"
      }
    },
    "color-convert": {
      "version": "1.9.3",
      "resolved": "http://r.cnpmjs.org/color-convert/download/color-convert-1.9.3.tgz",
      "integrity": "sha1-u3GFBpDh8TZWfeYp0tVHHe2kweg=",
      "dev": true,
      "requires": {
        "color-name": "1.1.3"
      }
    },
    "color-name": {
      "version": "1.1.3",
      "resolved": "http://r.cnpmjs.org/color-name/download/color-name-1.1.3.tgz",
      "integrity": "sha1-p9BVi9icQveV3UIyj3QIMcpTvCU=",
      "dev": true
    },
    "commander": {
      "version": "2.19.0",
      "resolved": "http://r.cnpmjs.org/commander/download/commander-2.19.0.tgz",
      "integrity": "sha1-9hmKqE5bg8RgVLlN3tv+1e6f8So=",
      "dev": true
    },
    "component-emitter": {
      "version": "1.2.1",
      "resolved": "http://r.cnpmjs.org/component-emitter/download/component-emitter-1.2.1.tgz",
      "integrity": "sha1-E3kY1teCg/ffemt8WmPhQOaUJeY="
    },
    "copy-descriptor": {
      "version": "0.1.1",
      "resolved": "http://r.cnpmjs.org/copy-descriptor/download/copy-descriptor-0.1.1.tgz",
      "integrity": "sha1-Z29us8OZl8LuGsOpJP1hJHSPV40="
    },
    "core-util-is": {
      "version": "1.0.2",
      "resolved": "http://r.cnpmjs.org/core-util-is/download/core-util-is-1.0.2.tgz",
      "integrity": "sha1-tf1UIgqivFq1eqtxQMlAdUUDwac=",
      "dev": true
    },
    "debug": {
      "version": "2.6.9",
      "resolved": "http://r.cnpmjs.org/debug/download/debug-2.6.9.tgz",
      "integrity": "sha1-XRKFFd8TT/Mn6QpMk/Tgd6U2NB8=",
      "requires": {
        "ms": "2.0.0"
      }
    },
    "decode-uri-component": {
      "version": "0.2.0",
      "resolved": "http://r.cnpmjs.org/decode-uri-component/download/decode-uri-component-0.2.0.tgz",
      "integrity": "sha1-6zkTMzRYd1y4TNGh+uBiEGu4dUU="
    },
    "define-property": {
      "version": "2.0.2",
      "resolved": "http://r.cnpmjs.org/define-property/download/define-property-2.0.2.tgz",
      "integrity": "sha1-1Flono1lS6d+AqgX+HENcCyxbp0=",
      "requires": {
        "is-descriptor": "^1.0.2",
        "isobject": "^3.0.1"
      },
      "dependencies": {
        "is-accessor-descriptor": {
          "version": "1.0.0",
          "resolved": "http://r.cnpmjs.org/is-accessor-descriptor/download/is-accessor-descriptor-1.0.0.tgz",
          "integrity": "sha1-FpwvbT3x+ZJhgHI2XJsOofaHhlY=",
          "requires": {
            "kind-of": "^6.0.0"
          }
        },
        "is-data-descriptor": {
          "version": "1.0.0",
          "resolved": "http://r.cnpmjs.org/is-data-descriptor/download/is-data-descriptor-1.0.0.tgz",
          "integrity": "sha1-2Eh2Mh0Oet0DmQQGq7u9NrqSaMc=",
          "requires": {
            "kind-of": "^6.0.0"
          }
        },
        "is-descriptor": {
          "version": "1.0.2",
          "resolved": "http://r.cnpmjs.org/is-descriptor/download/is-descriptor-1.0.2.tgz",
          "integrity": "sha1-OxWXRqZmBLBPjIFSS6NlxfFNhuw=",
          "requires": {
            "is-accessor-descriptor": "^1.0.0",
            "is-data-descriptor": "^1.0.0",
            "kind-of": "^6.0.2"
          }
        }
      }
    },
    "escape-string-regexp": {
      "version": "1.0.5",
      "resolved": "http://r.cnpmjs.org/escape-string-regexp/download/escape-string-regexp-1.0.5.tgz",
      "integrity": "sha1-G2HAViGQqN/2rjuyzwIAyhMLhtQ=",
      "dev": true
    },
    "estree-walker": {
      "version": "0.6.0",
      "resolved": "http://r.cnpmjs.org/estree-walker/download/estree-walker-0.6.0.tgz",
      "integrity": "sha1-XYZTJ8RKYY3eVpn3Y4ka4x8lfa4="
    },
    "esutils": {
      "version": "2.0.2",
      "resolved": "http://r.cnpmjs.org/esutils/download/esutils-2.0.2.tgz",
      "integrity": "sha1-Cr9PHKpbyx96nYrMbepPqqBLrJs=",
      "dev": true
    },
    "expand-brackets": {
      "version": "2.1.4",
      "resolved": "http://r.cnpmjs.org/expand-brackets/download/expand-brackets-2.1.4.tgz",
      "integrity": "sha1-t3c14xXOMPa27/D4OwQVGiJEliI=",
      "requires": {
        "debug": "^2.3.3",
        "define-property": "^0.2.5",
        "extend-shallow": "^2.0.1",
        "posix-character-classes": "^0.1.0",
        "regex-not": "^1.0.0",
        "snapdragon": "^0.8.1",
        "to-regex": "^3.0.1"
      },
      "dependencies": {
        "define-property": {
          "version": "0.2.5",
          "resolved": "http://r.cnpmjs.org/define-property/download/define-property-0.2.5.tgz",
          "integrity": "sha1-w1se+RjsPJkPmlvFe+BKrOxcgRY=",
          "requires": {
            "is-descriptor": "^0.1.0"
          }
        },
        "extend-shallow": {
          "version": "2.0.1",
          "resolved": "http://r.cnpmjs.org/extend-shallow/download/extend-shallow-2.0.1.tgz",
          "integrity": "sha1-Ua99YUrZqfYQ6huvu5idaxxWiQ8=",
          "requires": {
            "is-extendable": "^0.1.0"
          }
        }
      }
    },
    "extend-shallow": {
      "version": "3.0.2",
      "resolved": "http://r.cnpmjs.org/extend-shallow/download/extend-shallow-3.0.2.tgz",
      "integrity": "sha1-Jqcarwc7OfshJxcnRhMcJwQCjbg=",
      "requires": {
        "assign-symbols": "^1.0.0",
        "is-extendable": "^1.0.1"
      },
      "dependencies": {
        "is-extendable": {
          "version": "1.0.1",
          "resolved": "http://r.cnpmjs.org/is-extendable/download/is-extendable-1.0.1.tgz",
          "integrity": "sha1-p0cPnkJnM9gb2B4RVSZOOjUHyrQ=",
          "requires": {
            "is-plain-object": "^2.0.4"
          }
        }
      }
    },
    "extglob": {
      "version": "2.0.4",
      "resolved": "http://r.cnpmjs.org/extglob/download/extglob-2.0.4.tgz",
      "integrity": "sha1-rQD+TcYSqSMuhxhxHcXLWrAoVUM=",
      "requires": {
        "array-unique": "^0.3.2",
        "define-property": "^1.0.0",
        "expand-brackets": "^2.1.4",
        "extend-shallow": "^2.0.1",
        "fragment-cache": "^0.2.1",
        "regex-not": "^1.0.0",
        "snapdragon": "^0.8.1",
        "to-regex": "^3.0.1"
      },
      "dependencies": {
        "define-property": {
          "version": "1.0.0",
          "resolved": "http://r.cnpmjs.org/define-property/download/define-property-1.0.0.tgz",
          "integrity": "sha1-dp66rz9KY6rTr56NMEybvnm/sOY=",
          "requires": {
            "is-descriptor": "^1.0.0"
          }
        },
        "extend-shallow": {
          "version": "2.0.1",
          "resolved": "http://r.cnpmjs.org/extend-shallow/download/extend-shallow-2.0.1.tgz",
          "integrity": "sha1-Ua99YUrZqfYQ6huvu5idaxxWiQ8=",
          "requires": {
            "is-extendable": "^0.1.0"
          }
        },
        "is-accessor-descriptor": {
          "version": "1.0.0",
          "resolved": "http://r.cnpmjs.org/is-accessor-descriptor/download/is-accessor-descriptor-1.0.0.tgz",
          "integrity": "sha1-FpwvbT3x+ZJhgHI2XJsOofaHhlY=",
          "requires": {
            "kind-of": "^6.0.0"
          }
        },
        "is-data-descriptor": {
          "version": "1.0.0",
          "resolved": "http://r.cnpmjs.org/is-data-descriptor/download/is-data-descriptor-1.0.0.tgz",
          "integrity": "sha1-2Eh2Mh0Oet0DmQQGq7u9NrqSaMc=",
          "requires": {
            "kind-of": "^6.0.0"
          }
        },
        "is-descriptor": {
          "version": "1.0.2",
          "resolved": "http://r.cnpmjs.org/is-descriptor/download/is-descriptor-1.0.2.tgz",
          "integrity": "sha1-OxWXRqZmBLBPjIFSS6NlxfFNhuw=",
          "requires": {
            "is-accessor-descriptor": "^1.0.0",
            "is-data-descriptor": "^1.0.0",
            "kind-of": "^6.0.2"
          }
        }
      }
    },
    "fill-range": {
      "version": "4.0.0",
      "resolved": "http://r.cnpmjs.org/fill-range/download/fill-range-4.0.0.tgz",
      "integrity": "sha1-1USBHUKPmOsGpj3EAtJAPDKMOPc=",
      "requires": {
        "extend-shallow": "^2.0.1",
        "is-number": "^3.0.0",
        "repeat-string": "^1.6.1",
        "to-regex-range": "^2.1.0"
      },
      "dependencies": {
        "extend-shallow": {
          "version": "2.0.1",
          "resolved": "http://r.cnpmjs.org/extend-shallow/download/extend-shallow-2.0.1.tgz",
          "integrity": "sha1-Ua99YUrZqfYQ6huvu5idaxxWiQ8=",
          "requires": {
            "is-extendable": "^0.1.0"
          }
        }
      }
    },
    "for-in": {
      "version": "1.0.2",
      "resolved": "http://r.cnpmjs.org/for-in/download/for-in-1.0.2.tgz",
      "integrity": "sha1-gQaNKVqBQuwKxybG4iAMMPttXoA="
    },
    "fragment-cache": {
      "version": "0.2.1",
      "resolved": "http://r.cnpmjs.org/fragment-cache/download/fragment-cache-0.2.1.tgz",
      "integrity": "sha1-QpD60n8T6Jvn8zeZxrxaCr//DRk=",
      "requires": {
        "map-cache": "^0.2.2"
      }
    },
    "get-value": {
      "version": "2.0.6",
      "resolved": "http://r.cnpmjs.org/get-value/download/get-value-2.0.6.tgz",
      "integrity": "sha1-3BXKHGcjh8p2vTesCjlbogQqLCg="
    },
    "has-flag": {
      "version": "3.0.0",
      "resolved": "http://r.cnpmjs.org/has-flag/download/has-flag-3.0.0.tgz",
      "integrity": "sha1-tdRU3CGZriJWmfNGfloH87lVuv0=",
      "dev": true
    },
    "has-value": {
      "version": "1.0.0",
      "resolved": "http://r.cnpmjs.org/has-value/download/has-value-1.0.0.tgz",
      "integrity": "sha1-GLKB2lhbHFxR3vJMkw7SmgvmsXc=",
      "requires": {
        "get-value": "^2.0.6",
        "has-values": "^1.0.0",
        "isobject": "^3.0.0"
      }
    },
    "has-values": {
      "version": "1.0.0",
      "resolved": "http://r.cnpmjs.org/has-values/download/has-values-1.0.0.tgz",
      "integrity": "sha1-lbC2P+whRmGab+V/51Yo1aOe/k8=",
      "requires": {
        "is-number": "^3.0.0",
        "kind-of": "^4.0.0"
      },
      "dependencies": {
        "kind-of": {
          "version": "4.0.0",
          "resolved": "http://r.cnpmjs.org/kind-of/download/kind-of-4.0.0.tgz",
          "integrity": "sha1-IIE989cSkosgc3hpGkUGb65y3Vc=",
          "requires": {
            "is-buffer": "^1.1.5"
          }
        }
      }
    },
    "inherits": {
      "version": "2.0.3",
      "resolved": "http://r.cnpmjs.org/inherits/download/inherits-2.0.3.tgz",
      "integrity": "sha1-Yzwsg+PaQqUC9SRmAiSA9CCCYd4=",
      "dev": true
    },
    "is-accessor-descriptor": {
      "version": "0.1.6",
      "resolved": "http://r.cnpmjs.org/is-accessor-descriptor/download/is-accessor-descriptor-0.1.6.tgz",
      "integrity": "sha1-qeEss66Nh2cn7u84Q/igiXtcmNY=",
      "requires": {
        "kind-of": "^3.0.2"
      },
      "dependencies": {
        "kind-of": {
          "version": "3.2.2",
          "resolved": "http://r.cnpmjs.org/kind-of/download/kind-of-3.2.2.tgz",
          "integrity": "sha1-MeohpzS6ubuw8yRm2JOupR5KPGQ=",
          "requires": {
            "is-buffer": "^1.1.5"
          }
        }
      }
    },
    "is-buffer": {
      "version": "1.1.6",
      "resolved": "http://r.cnpmjs.org/is-buffer/download/is-buffer-1.1.6.tgz",
      "integrity": "sha1-76ouqdqg16suoTqXsritUf776L4="
    },
    "is-data-descriptor": {
      "version": "0.1.4",
      "resolved": "http://r.cnpmjs.org/is-data-descriptor/download/is-data-descriptor-0.1.4.tgz",
      "integrity": "sha1-C17mSDiOLIYCgueT8YVv7D8wG1Y=",
      "requires": {
        "kind-of": "^3.0.2"
      },
      "dependencies": {
        "kind-of": {
          "version": "3.2.2",
          "resolved": "http://r.cnpmjs.org/kind-of/download/kind-of-3.2.2.tgz",
          "integrity": "sha1-MeohpzS6ubuw8yRm2JOupR5KPGQ=",
          "requires": {
            "is-buffer": "^1.1.5"
          }
        }
      }
    },
    "is-descriptor": {
      "version": "0.1.6",
      "resolved": "http://r.cnpmjs.org/is-descriptor/download/is-descriptor-0.1.6.tgz",
      "integrity": "sha1-Nm2CQN3kh8pRgjsaufB6EKeCUco=",
      "requires": {
        "is-accessor-descriptor": "^0.1.6",
        "is-data-descriptor": "^0.1.4",
        "kind-of": "^5.0.0"
      },
      "dependencies": {
        "kind-of": {
          "version": "5.1.0",
          "resolved": "http://r.cnpmjs.org/kind-of/download/kind-of-5.1.0.tgz",
          "integrity": "sha1-cpyR4thXt6QZofmqZWhcTDP1hF0="
        }
      }
    },
    "is-extendable": {
      "version": "0.1.1",
      "resolved": "http://r.cnpmjs.org/is-extendable/download/is-extendable-0.1.1.tgz",
      "integrity": "sha1-YrEQ4omkcUGOPsNqYX1HLjAd/Ik="
    },
    "is-number": {
      "version": "3.0.0",
      "resolved": "http://r.cnpmjs.org/is-number/download/is-number-3.0.0.tgz",
      "integrity": "sha1-JP1iAaR4LPUFYcgQJ2r8fRLXEZU=",
      "requires": {
        "kind-of": "^3.0.2"
      },
      "dependencies": {
        "kind-of": {
          "version": "3.2.2",
          "resolved": "http://r.cnpmjs.org/kind-of/download/kind-of-3.2.2.tgz",
          "integrity": "sha1-MeohpzS6ubuw8yRm2JOupR5KPGQ=",
          "requires": {
            "is-buffer": "^1.1.5"
          }
        }
      }
    },
    "is-plain-object": {
      "version": "2.0.4",
      "resolved": "http://r.cnpmjs.org/is-plain-object/download/is-plain-object-2.0.4.tgz",
      "integrity": "sha1-LBY7P6+xtgbZ0Xko8FwqHDjgdnc=",
      "requires": {
        "isobject": "^3.0.1"
      }
    },
    "is-windows": {
      "version": "1.0.2",
      "resolved": "http://r.cnpmjs.org/is-windows/download/is-windows-1.0.2.tgz",
      "integrity": "sha1-0YUOuXkezRjmGCzhKjDzlmNLsZ0="
    },
    "isarray": {
      "version": "1.0.0",
      "resolved": "http://r.cnpmjs.org/isarray/download/isarray-1.0.0.tgz",
      "integrity": "sha1-u5NdSFgsuhaMBoNJV6VKPgcSTxE="
    },
    "isobject": {
      "version": "3.0.1",
      "resolved": "http://r.cnpmjs.org/isobject/download/isobject-3.0.1.tgz",
      "integrity": "sha1-TkMekrEalzFjaqH5yNHMvP2reN8="
    },
    "jest-worker": {
      "version": "24.4.0",
      "resolved": "http://r.cnpmjs.org/jest-worker/download/jest-worker-24.4.0.tgz",
      "integrity": "sha1-+8RSsBILtcKnDNyI+hMrSO6xHdA=",
      "dev": true,
      "requires": {
        "@types/node": "*",
        "merge-stream": "^1.0.1",
        "supports-color": "^6.1.0"
      },
      "dependencies": {
        "supports-color": {
          "version": "6.1.0",
          "resolved": "http://r.cnpmjs.org/supports-color/download/supports-color-6.1.0.tgz",
          "integrity": "sha1-B2Srxpxj1ayELdSGfo0CXogN+PM=",
          "dev": true,
          "requires": {
            "has-flag": "^3.0.0"
          }
        }
      }
    },
    "js-tokens": {
      "version": "4.0.0",
      "resolved": "http://r.cnpmjs.org/js-tokens/download/js-tokens-4.0.0.tgz",
      "integrity": "sha1-GSA/tZmR35jjoocFDUZHzerzJJk=",
      "dev": true
    },
    "kind-of": {
      "version": "6.0.2",
      "resolved": "http://r.cnpmjs.org/kind-of/download/kind-of-6.0.2.tgz",
      "integrity": "sha1-ARRrNqYhjmTljzqNZt5df8b20FE="
    },
    "magic-string": {
      "version": "0.25.2",
      "resolved": "http://r.cnpmjs.org/magic-string/download/magic-string-0.25.2.tgz",
      "integrity": "sha1-E5w6cpUV7FXpbmnoKhH+iQopOtk=",
      "requires": {
        "sourcemap-codec": "^1.4.4"
      }
    },
    "map-cache": {
      "version": "0.2.2",
      "resolved": "http://r.cnpmjs.org/map-cache/download/map-cache-0.2.2.tgz",
      "integrity": "sha1-wyq9C9ZSXZsFFkW7TyasXcmKDb8="
    },
    "map-visit": {
      "version": "1.0.0",
      "resolved": "http://r.cnpmjs.org/map-visit/download/map-visit-1.0.0.tgz",
      "integrity": "sha1-7Nyo8TFE5mDxtb1B8S80edmN+48=",
      "requires": {
        "object-visit": "^1.0.0"
      }
    },
    "merge-stream": {
      "version": "1.0.1",
      "resolved": "http://r.cnpmjs.org/merge-stream/download/merge-stream-1.0.1.tgz",
      "integrity": "sha1-QEEgLVCKNCugAXQAjfDCUbjBNeE=",
      "dev": true,
      "requires": {
        "readable-stream": "^2.0.1"
      }
    },
    "micromatch": {
      "version": "3.1.10",
      "resolved": "http://r.cnpmjs.org/micromatch/download/micromatch-3.1.10.tgz",
      "integrity": "sha1-cIWbyVyYQJUvNZoGij/En57PrCM=",
      "requires": {
        "arr-diff": "^4.0.0",
        "array-unique": "^0.3.2",
        "braces": "^2.3.1",
        "define-property": "^2.0.2",
        "extend-shallow": "^3.0.2",
        "extglob": "^2.0.4",
        "fragment-cache": "^0.2.1",
        "kind-of": "^6.0.2",
        "nanomatch": "^1.2.9",
        "object.pick": "^1.3.0",
        "regex-not": "^1.0.0",
        "snapdragon": "^0.8.1",
        "to-regex": "^3.0.2"
      }
    },
    "mixin-deep": {
      "version": "1.3.1",
      "resolved": "http://r.cnpmjs.org/mixin-deep/download/mixin-deep-1.3.1.tgz",
      "integrity": "sha1-pJ5yaNzhoNlpjkUybFYm3zVD0P4=",
      "requires": {
        "for-in": "^1.0.2",
        "is-extendable": "^1.0.1"
      },
      "dependencies": {
        "is-extendable": {
          "version": "1.0.1",
          "resolved": "http://r.cnpmjs.org/is-extendable/download/is-extendable-1.0.1.tgz",
          "integrity": "sha1-p0cPnkJnM9gb2B4RVSZOOjUHyrQ=",
          "requires": {
            "is-plain-object": "^2.0.4"
          }
        }
      }
    },
    "ms": {
      "version": "2.0.0",
      "resolved": "http://r.cnpmjs.org/ms/download/ms-2.0.0.tgz",
      "integrity": "sha1-VgiurfwAvmwpAd9fmGF4jeDVl8g="
    },
    "nanomatch": {
      "version": "1.2.13",
      "resolved": "http://r.cnpmjs.org/nanomatch/download/nanomatch-1.2.13.tgz",
      "integrity": "sha1-uHqKpPwN6P5r6IiVs4mD/yZb0Rk=",
      "requires": {
        "arr-diff": "^4.0.0",
        "array-unique": "^0.3.2",
        "define-property": "^2.0.2",
        "extend-shallow": "^3.0.2",
        "fragment-cache": "^0.2.1",
        "is-windows": "^1.0.2",
        "kind-of": "^6.0.2",
        "object.pick": "^1.3.0",
        "regex-not": "^1.0.0",
        "snapdragon": "^0.8.1",
        "to-regex": "^3.0.1"
      }
    },
    "object-copy": {
      "version": "0.1.0",
      "resolved": "http://r.cnpmjs.org/object-copy/download/object-copy-0.1.0.tgz",
      "integrity": "sha1-fn2Fi3gb18mRpBupde04EnVOmYw=",
      "requires": {
        "copy-descriptor": "^0.1.0",
        "define-property": "^0.2.5",
        "kind-of": "^3.0.3"
      },
      "dependencies": {
        "define-property": {
          "version": "0.2.5",
          "resolved": "http://r.cnpmjs.org/define-property/download/define-property-0.2.5.tgz",
          "integrity": "sha1-w1se+RjsPJkPmlvFe+BKrOxcgRY=",
          "requires": {
            "is-descriptor": "^0.1.0"
          }
        },
        "kind-of": {
          "version": "3.2.2",
          "resolved": "http://r.cnpmjs.org/kind-of/download/kind-of-3.2.2.tgz",
          "integrity": "sha1-MeohpzS6ubuw8yRm2JOupR5KPGQ=",
          "requires": {
            "is-buffer": "^1.1.5"
          }
        }
      }
    },
    "object-visit": {
      "version": "1.0.1",
      "resolved": "http://r.cnpmjs.org/object-visit/download/object-visit-1.0.1.tgz",
      "integrity": "sha1-95xEk68MU3e1n+OdOV5BBC3QRbs=",
      "requires": {
        "isobject": "^3.0.0"
      }
    },
    "object.pick": {
      "version": "1.3.0",
      "resolved": "http://r.cnpmjs.org/object.pick/download/object.pick-1.3.0.tgz",
      "integrity": "sha1-h6EKxMFpS9Lhy/U1kaZhQftd10c=",
      "requires": {
        "isobject": "^3.0.1"
      }
    },
    "pascalcase": {
      "version": "0.1.1",
      "resolved": "http://r.cnpmjs.org/pascalcase/download/pascalcase-0.1.1.tgz",
      "integrity": "sha1-s2PlXoAGym/iF4TS2yK9FdeRfxQ="
    },
    "path-parse": {
      "version": "1.0.6",
      "resolved": "http://r.cnpmjs.org/path-parse/download/path-parse-1.0.6.tgz",
      "integrity": "sha1-1i27VnlAXXLEc37FhgDp3c8G0kw="
    },
    "posix-character-classes": {
      "version": "0.1.1",
      "resolved": "http://r.cnpmjs.org/posix-character-classes/download/posix-character-classes-0.1.1.tgz",
      "integrity": "sha1-AerA/jta9xoqbAL+q7jB/vfgDqs="
    },
    "process-nextick-args": {
      "version": "2.0.0",
      "resolved": "http://r.cnpmjs.org/process-nextick-args/download/process-nextick-args-2.0.0.tgz",
      "integrity": "sha1-o31zL0JxtKsa0HDTVQjoKQeI/6o=",
      "dev": true
    },
    "readable-stream": {
      "version": "2.3.6",
      "resolved": "http://r.cnpmjs.org/readable-stream/download/readable-stream-2.3.6.tgz",
      "integrity": "sha1-sRwn2IuP8fvgcGQ8+UsMea4bCq8=",
      "dev": true,
      "requires": {
        "core-util-is": "~1.0.0",
        "inherits": "~2.0.3",
        "isarray": "~1.0.0",
        "process-nextick-args": "~2.0.0",
        "safe-buffer": "~5.1.1",
        "string_decoder": "~1.1.1",
        "util-deprecate": "~1.0.1"
      }
    },
    "regex-not": {
      "version": "1.0.2",
      "resolved": "http://r.cnpmjs.org/regex-not/download/regex-not-1.0.2.tgz",
      "integrity": "sha1-H07OJ+ALC2XgJHpoEOaoXYOldSw=",
      "requires": {
        "extend-shallow": "^3.0.2",
        "safe-regex": "^1.1.0"
      }
    },
    "repeat-element": {
      "version": "1.1.3",
      "resolved": "http://r.cnpmjs.org/repeat-element/download/repeat-element-1.1.3.tgz",
      "integrity": "sha1-eC4NglwMWjuzlzH4Tv7mt0Lmsc4="
    },
    "repeat-string": {
      "version": "1.6.1",
      "resolved": "http://r.cnpmjs.org/repeat-string/download/repeat-string-1.6.1.tgz",
      "integrity": "sha1-jcrkcOHIirwtYA//Sndihtp15jc="
    },
    "resolve": {
      "version": "1.10.0",
      "resolved": "http://r.cnpmjs.org/resolve/download/resolve-1.10.0.tgz",
      "integrity": "sha1-O9qur0XMB/N1ZW39LlTtCBCxAbo=",
      "requires": {
        "path-parse": "^1.0.6"
      }
    },
    "resolve-url": {
      "version": "0.2.1",
      "resolved": "http://r.cnpmjs.org/resolve-url/download/resolve-url-0.2.1.tgz",
      "integrity": "sha1-LGN/53yJOv0qZj/iGqkIAGjiBSo="
    },
    "ret": {
      "version": "0.1.15",
      "resolved": "http://r.cnpmjs.org/ret/download/ret-0.1.15.tgz",
      "integrity": "sha1-uKSCXVvbH8P29Twrwz+BOIaBx7w="
    },
    "rollup": {
      "version": "1.7.4",
      "resolved": "http://r.cnpmjs.org/rollup/download/rollup-1.7.4.tgz",
      "integrity": "sha1-3Z0dSTXT2zjxbhyq72NdjRsIMcQ=",
      "dev": true,
      "requires": {
        "@types/estree": "0.0.39",
        "@types/node": "^11.11.6",
        "acorn": "^6.1.1"
      }
    },
    "rollup-plugin-commonjs": {
      "version": "9.2.2",
      "resolved": "http://r.cnpmjs.org/rollup-plugin-commonjs/download/rollup-plugin-commonjs-9.2.2.tgz",
      "integrity": "sha1-SVnz/w2XBsEy5SR7R6s4XxHZquY=",
      "requires": {
        "estree-walker": "^0.6.0",
        "magic-string": "^0.25.2",
        "resolve": "^1.10.0",
        "rollup-pluginutils": "^2.5.0"
      }
    },
    "rollup-plugin-uglify": {
      "version": "6.0.2",
      "resolved": "http://r.cnpmjs.org/rollup-plugin-uglify/download/rollup-plugin-uglify-6.0.2.tgz",
      "integrity": "sha1-aBBCz99+pOUUlxlGNE4albwncv4=",
      "dev": true,
      "requires": {
        "@babel/code-frame": "^7.0.0",
        "jest-worker": "^24.0.0",
        "serialize-javascript": "^1.6.1",
        "uglify-js": "^3.4.9"
      }
    },
    "rollup-pluginutils": {
      "version": "2.5.0",
      "resolved": "http://r.cnpmjs.org/rollup-pluginutils/download/rollup-pluginutils-2.5.0.tgz",
      "integrity": "sha1-I74PBaw5cup7CPx4cMuR/eWyOgk=",
      "requires": {
        "estree-walker": "^0.6.0",
        "micromatch": "^3.1.10"
      }
    },
    "safe-buffer": {
      "version": "5.1.2",
      "resolved": "http://r.cnpmjs.org/safe-buffer/download/safe-buffer-5.1.2.tgz",
      "integrity": "sha1-mR7GnSluAxN0fVm9/St0XDX4go0=",
      "dev": true
    },
    "safe-regex": {
      "version": "1.1.0",
      "resolved": "http://r.cnpmjs.org/safe-regex/download/safe-regex-1.1.0.tgz",
      "integrity": "sha1-QKNmnzsHfR6UPURinhV91IAjvy4=",
      "requires": {
        "ret": "~0.1.10"
      }
    },
    "serialize-javascript": {
      "version": "1.6.1",
      "resolved": "http://r.cnpmjs.org/serialize-javascript/download/serialize-javascript-1.6.1.tgz",
      "integrity": "sha1-TR9pfsSUKahHym9EKip1USbE2Hk=",
      "dev": true
    },
    "set-value": {
      "version": "2.0.0",
      "resolved": "http://r.cnpmjs.org/set-value/download/set-value-2.0.0.tgz",
      "integrity": "sha1-ca5KiPD+77v1LR6mBPP7MV67YnQ=",
      "requires": {
        "extend-shallow": "^2.0.1",
        "is-extendable": "^0.1.1",
        "is-plain-object": "^2.0.3",
        "split-string": "^3.0.1"
      },
      "dependencies": {
        "extend-shallow": {
          "version": "2.0.1",
          "resolved": "http://r.cnpmjs.org/extend-shallow/download/extend-shallow-2.0.1.tgz",
          "integrity": "sha1-Ua99YUrZqfYQ6huvu5idaxxWiQ8=",
          "requires": {
            "is-extendable": "^0.1.0"
          }
        }
      }
    },
    "snapdragon": {
      "version": "0.8.2",
      "resolved": "http://r.cnpmjs.org/snapdragon/download/snapdragon-0.8.2.tgz",
      "integrity": "sha1-ZJIufFZbDhQgS6GqfWlkJ40lGC0=",
      "requires": {
        "base": "^0.11.1",
        "debug": "^2.2.0",
        "define-property": "^0.2.5",
        "extend-shallow": "^2.0.1",
        "map-cache": "^0.2.2",
        "source-map": "^0.5.6",
        "source-map-resolve": "^0.5.0",
        "use": "^3.1.0"
      },
      "dependencies": {
        "define-property": {
          "version": "0.2.5",
          "resolved": "http://r.cnpmjs.org/define-property/download/define-property-0.2.5.tgz",
          "integrity": "sha1-w1se+RjsPJkPmlvFe+BKrOxcgRY=",
          "requires": {
            "is-descriptor": "^0.1.0"
          }
        },
        "extend-shallow": {
          "version": "2.0.1",
          "resolved": "http://r.cnpmjs.org/extend-shallow/download/extend-shallow-2.0.1.tgz",
          "integrity": "sha1-Ua99YUrZqfYQ6huvu5idaxxWiQ8=",
          "requires": {
            "is-extendable": "^0.1.0"
          }
        }
      }
    },
    "snapdragon-node": {
      "version": "2.1.1",
      "resolved": "http://r.cnpmjs.org/snapdragon-node/download/snapdragon-node-2.1.1.tgz",
      "integrity": "sha1-bBdfhv8UvbByRWPo88GwIaKGhTs=",
      "requires": {
        "define-property": "^1.0.0",
        "isobject": "^3.0.0",
        "snapdragon-util": "^3.0.1"
      },
      "dependencies": {
        "define-property": {
          "version": "1.0.0",
          "resolved": "http://r.cnpmjs.org/define-property/download/define-property-1.0.0.tgz",
          "integrity": "sha1-dp66rz9KY6rTr56NMEybvnm/sOY=",
          "requires": {
            "is-descriptor": "^1.0.0"
          }
        },
        "is-accessor-descriptor": {
          "version": "1.0.0",
          "resolved": "http://r.cnpmjs.org/is-accessor-descriptor/download/is-accessor-descriptor-1.0.0.tgz",
          "integrity": "sha1-FpwvbT3x+ZJhgHI2XJsOofaHhlY=",
          "requires": {
            "kind-of": "^6.0.0"
          }
        },
        "is-data-descriptor": {
          "version": "1.0.0",
          "resolved": "http://r.cnpmjs.org/is-data-descriptor/download/is-data-descriptor-1.0.0.tgz",
          "integrity": "sha1-2Eh2Mh0Oet0DmQQGq7u9NrqSaMc=",
          "requires": {
            "kind-of": "^6.0.0"
          }
        },
        "is-descriptor": {
          "version": "1.0.2",
          "resolved": "http://r.cnpmjs.org/is-descriptor/download/is-descriptor-1.0.2.tgz",
          "integrity": "sha1-OxWXRqZmBLBPjIFSS6NlxfFNhuw=",
          "requires": {
            "is-accessor-descriptor": "^1.0.0",
            "is-data-descriptor": "^1.0.0",
            "kind-of": "^6.0.2"
          }
        }
      }
    },
    "snapdragon-util": {
      "version": "3.0.1",
      "resolved": "http://r.cnpmjs.org/snapdragon-util/download/snapdragon-util-3.0.1.tgz",
      "integrity": "sha1-+VZHlIbyrNeXAGk/b3uAXkWrVuI=",
      "requires": {
        "kind-of": "^3.2.0"
      },
      "dependencies": {
        "kind-of": {
          "version": "3.2.2",
          "resolved": "http://r.cnpmjs.org/kind-of/download/kind-of-3.2.2.tgz",
          "integrity": "sha1-MeohpzS6ubuw8yRm2JOupR5KPGQ=",
          "requires": {
            "is-buffer": "^1.1.5"
          }
        }
      }
    },
    "source-map": {
      "version": "0.5.7",
      "resolved": "http://r.cnpmjs.org/source-map/download/source-map-0.5.7.tgz",
      "integrity": "sha1-igOdLRAh0i0eoUyA2OpGi6LvP8w="
    },
    "source-map-resolve": {
      "version": "0.5.2",
      "resolved": "http://r.cnpmjs.org/source-map-resolve/download/source-map-resolve-0.5.2.tgz",
      "integrity": "sha1-cuLMNAlVQ+Q7LGKyxMENSpBU8lk=",
      "requires": {
        "atob": "^2.1.1",
        "decode-uri-component": "^0.2.0",
        "resolve-url": "^0.2.1",
        "source-map-url": "^0.4.0",
        "urix": "^0.1.0"
      }
    },
    "source-map-url": {
      "version": "0.4.0",
      "resolved": "http://r.cnpmjs.org/source-map-url/download/source-map-url-0.4.0.tgz",
      "integrity": "sha1-PpNdfd1zYxuXZZlW1VEo6HtQhKM="
    },
    "sourcemap-codec": {
      "version": "1.4.4",
      "resolved": "http://r.cnpmjs.org/sourcemap-codec/download/sourcemap-codec-1.4.4.tgz",
      "integrity": "sha1-xj6pJ8Ap3WvZorf6A7P+wCrVbp8="
    },
    "split-string": {
      "version": "3.1.0",
      "resolved": "http://r.cnpmjs.org/split-string/download/split-string-3.1.0.tgz",
      "integrity": "sha1-fLCd2jqGWFcFxks5pkZgOGguj+I=",
      "requires": {
        "extend-shallow": "^3.0.0"
      }
    },
    "static-extend": {
      "version": "0.1.2",
      "resolved": "http://r.cnpmjs.org/static-extend/download/static-extend-0.1.2.tgz",
      "integrity": "sha1-YICcOcv/VTNyJv1eC1IPNB8ftcY=",
      "requires": {
        "define-property": "^0.2.5",
        "object-copy": "^0.1.0"
      },
      "dependencies": {
        "define-property": {
          "version": "0.2.5",
          "resolved": "http://r.cnpmjs.org/define-property/download/define-property-0.2.5.tgz",
          "integrity": "sha1-w1se+RjsPJkPmlvFe+BKrOxcgRY=",
          "requires": {
            "is-descriptor": "^0.1.0"
          }
        }
      }
    },
    "string_decoder": {
      "version": "1.1.1",
      "resolved": "http://r.cnpmjs.org/string_decoder/download/string_decoder-1.1.1.tgz",
      "integrity": "sha1-nPFhG6YmhdcDCunkujQUnDrwP8g=",
      "dev": true,
      "requires": {
        "safe-buffer": "~5.1.0"
      }
    },
    "supports-color": {
      "version": "5.5.0",
      "resolved": "http://r.cnpmjs.org/supports-color/download/supports-color-5.5.0.tgz",
      "integrity": "sha1-4uaaRKyHcveKHsCzW2id9lMO/I8=",
      "dev": true,
      "requires": {
        "has-flag": "^3.0.0"
      }
    },
    "to-object-path": {
      "version": "0.3.0",
      "resolved": "http://r.cnpmjs.org/to-object-path/download/to-object-path-0.3.0.tgz",
      "integrity": "sha1-KXWIt7Dn4KwI4E5nL4XB9JmeF68=",
      "requires": {
        "kind-of": "^3.0.2"
      },
      "dependencies": {
        "kind-of": {
          "version": "3.2.2",
          "resolved": "http://r.cnpmjs.org/kind-of/download/kind-of-3.2.2.tgz",
          "integrity": "sha1-MeohpzS6ubuw8yRm2JOupR5KPGQ=",
          "requires": {
            "is-buffer": "^1.1.5"
          }
        }
      }
    },
    "to-regex": {
      "version": "3.0.2",
      "resolved": "http://r.cnpmjs.org/to-regex/download/to-regex-3.0.2.tgz",
      "integrity": "sha1-E8/dmzNlUvMLUfM6iuG0Knp1mc4=",
      "requires": {
        "define-property": "^2.0.2",
        "extend-shallow": "^3.0.2",
        "regex-not": "^1.0.2",
        "safe-regex": "^1.1.0"
      }
    },
    "to-regex-range": {
      "version": "2.1.1",
      "resolved": "http://r.cnpmjs.org/to-regex-range/download/to-regex-range-2.1.1.tgz",
      "integrity": "sha1-fIDBe53+vlmeJzZ+DU3VWQFB2zg=",
      "requires": {
        "is-number": "^3.0.0",
        "repeat-string": "^1.6.1"
      }
    },
    "uglify-js": {
      "version": "3.5.2",
      "resolved": "http://r.cnpmjs.org/uglify-js/download/uglify-js-3.5.2.tgz",
      "integrity": "sha1-3Ax6wtoKS30V6EJmgY/zDoJSlHQ=",
      "dev": true,
      "requires": {
        "commander": "~2.19.0",
        "source-map": "~0.6.1"
      },
      "dependencies": {
        "source-map": {
          "version": "0.6.1",
          "resolved": "http://r.cnpmjs.org/source-map/download/source-map-0.6.1.tgz",
          "integrity": "sha1-dHIq8y6WFOnCh6jQu95IteLxomM=",
          "dev": true
        }
      }
    },
    "union-value": {
      "version": "1.0.0",
      "resolved": "http://r.cnpmjs.org/union-value/download/union-value-1.0.0.tgz",
      "integrity": "sha1-XHHDTLW61dzr4+oM0IIHulqhrqQ=",
      "requires": {
        "arr-union": "^3.1.0",
        "get-value": "^2.0.6",
        "is-extendable": "^0.1.1",
        "set-value": "^0.4.3"
      },
      "dependencies": {
        "extend-shallow": {
          "version": "2.0.1",
          "resolved": "http://r.cnpmjs.org/extend-shallow/download/extend-shallow-2.0.1.tgz",
          "integrity": "sha1-Ua99YUrZqfYQ6huvu5idaxxWiQ8=",
          "requires": {
            "is-extendable": "^0.1.0"
          }
        },
        "set-value": {
          "version": "0.4.3",
          "resolved": "http://r.cnpmjs.org/set-value/download/set-value-0.4.3.tgz",
          "integrity": "sha1-fbCPnT0i3H945Trzw79GZuzfzPE=",
          "requires": {
            "extend-shallow": "^2.0.1",
            "is-extendable": "^0.1.1",
            "is-plain-object": "^2.0.1",
            "to-object-path": "^0.3.0"
          }
        }
      }
    },
    "unset-value": {
      "version": "1.0.0",
      "resolved": "http://r.cnpmjs.org/unset-value/download/unset-value-1.0.0.tgz",
      "integrity": "sha1-g3aHP30jNRef+x5vw6jtDfyKtVk=",
      "requires": {
        "has-value": "^0.3.1",
        "isobject": "^3.0.0"
      },
      "dependencies": {
        "has-value": {
          "version": "0.3.1",
          "resolved": "http://r.cnpmjs.org/has-value/download/has-value-0.3.1.tgz",
          "integrity": "sha1-ex9YutpiyoJ+wKIHgCVlSEWZXh8=",
          "requires": {
            "get-value": "^2.0.3",
            "has-values": "^0.1.4",
            "isobject": "^2.0.0"
          },
          "dependencies": {
            "isobject": {
              "version": "2.1.0",
              "resolved": "http://r.cnpmjs.org/isobject/download/isobject-2.1.0.tgz",
              "integrity": "sha1-8GVWEJaj8dou9GJy+BXIQNh+DIk=",
              "requires": {
                "isarray": "1.0.0"
              }
            }
          }
        },
        "has-values": {
          "version": "0.1.4",
          "resolved": "http://r.cnpmjs.org/has-values/download/has-values-0.1.4.tgz",
          "integrity": "sha1-bWHeldkd/Km5oCCJrThL/49it3E="
        }
      }
    },
    "urix": {
      "version": "0.1.0",
      "resolved": "http://r.cnpmjs.org/urix/download/urix-0.1.0.tgz",
      "integrity": "sha1-2pN/emLiH+wf0Y1Js1wpNQZ6bHI="
    },
    "use": {
      "version": "3.1.1",
      "resolved": "http://r.cnpmjs.org/use/download/use-3.1.1.tgz",
      "integrity": "sha1-1QyMrHmhn7wg8pEfVuuXP04QBw8="
    },
    "util-deprecate": {
      "version": "1.0.2",
      "resolved": "http://r.cnpmjs.org/util-deprecate/download/util-deprecate-1.0.2.tgz",
      "integrity": "sha1-RQ1Nyfpw3nMnYvvS1KKJgUGaDM8=",
      "dev": true
    }
  }
}
